<?xml version="1.0" encoding="utf-8"?>
<Project ToolsVersion="4.0" xmlns="http://schemas.microsoft.com/developer/msbuild/2003">
  <ItemGroup>
    <Filter Include="Source Files">
      <UniqueIdentifier>{4FC737F1-C7A5-4376-A066-2A32D752A2FF}</UniqueIdentifier>
      <Extensions>cpp;c;cc;cxx;def;odl;idl;hpj;bat;asm;asmx;hpp;h</Extensions>
    </Filter>
    <Filter Include="Source Files\rltk-main">
      <UniqueIdentifier>{eca6f4cc-2cd5-4b4d-be93-9e58bac7f095}</UniqueIdentifier>
    </Filter>
    <Filter Include="Source Files\rltk-main\impl">
      <UniqueIdentifier>{ee79378b-dc2c-4420-8eb6-411ff1516ac1}</UniqueIdentifier>
    </Filter>
    <Filter Include="Source Files\rltk-main\impl\curses-backend">
      <UniqueIdentifier>{a841b702-9077-4582-b9cf-28683b129b75}</UniqueIdentifier>
    </Filter>
    <Filter Include="Source Files\rltk-main\impl\sdl2-backend">
      <UniqueIdentifier>{3b65c6ed-e214-455d-a75f-115fd5c78081}</UniqueIdentifier>
    </Filter>
  </ItemGroup>
  <ItemGroup>
    <ClInclude Include="..\..\src\rltk_main\impl\curses-backend\curses.hpp">
      <Filter>Source Files\rltk-main\impl\curses-backend</Filter>
    </ClInclude>
    <ClInclude Include="..\..\src\rltk_main\impl\terminal.hpp">
      <Filter>Source Files\rltk-main\impl</Filter>
    </ClInclude>
    <ClInclude Include="..\..\src\rltk_main\impl\vchar.hpp">
      <Filter>Source Files\rltk-main\impl</Filter>
    </ClInclude>
    <ClInclude Include="..\..\src\rltk_main\impl\color.hpp">
      <Filter>Source Files\rltk-main\impl</Filter>
    </ClInclude>
    <ClInclude Include="..\..\src\rltk_main\rltk_modes.h">
      <Filter>Source Files\rltk-main</Filter>
    </ClInclude>
    <ClInclude Include="..\..\src\rltk_main\rltk.hpp">
      <Filter>Source Files\rltk-main</Filter>
    </ClInclude>
    <ClInclude Include="..\..\src\rltk_main\impl\cp437.hpp">
      <Filter>Source Files\rltk-main\impl</Filter>
    </ClInclude>
    <ClInclude Include="..\..\src\rltk_main\impl\sdl2-backend\sdl2.hpp">
      <Filter>Source Files\rltk-main\impl\sdl2-backend</Filter>
    </ClInclude>
    <ClInclude Include="..\..\src\rltk_main\impl\sdl2-backend\sprite.hpp">
      <Filter>Source Files\rltk-main\impl\sdl2-backend</Filter>
    </ClInclude>
  </ItemGroup>
  <ItemGroup>
    <ClCompile Include="..\..\src\rltk_main\rltk.cpp">
      <Filter>Source Files\rltk-main</Filter>
    </ClCompile>
    <ClCompile Include="..\..\src\rltk_main\impl\curses-backend\curses.cpp">
      <Filter>Source Files\rltk-main\impl\curses-backend</Filter>
    </ClCompile>
    <ClCompile Include="..\..\src\rltk_main\impl\terminal.cpp">
      <Filter>Source Files\rltk-main\impl</Filter>
    </ClCompile>
    <ClCompile Include="..\..\src\rltk_main\impl\cp437.cpp">
      <Filter>Source Files\rltk-main\impl</Filter>
    </ClCompile>
    <ClCompile Include="..\..\src\rltk_main\impl\sdl2-backend\sdl2.cpp">
      <Filter>Source Files\rltk-main\impl\sdl2-backend</Filter>
    </ClCompile>
    <ClCompile Include="..\..\src\rltk_main\impl\sdl2-backend\sprite.cpp">
      <Filter>Source Files\rltk-main\impl\sdl2-backend</Filter>
    </ClCompile>
  </ItemGroup>
  <ItemGroup>
    <None Include="..\..\README.md" />
  </ItemGroup>
</Project>